
Microsoft Visual Studio Solution File, Format Version 12.00
# Visual Studio 2013
VisualStudioVersion = 12.0.20827.3
MinimumVisualStudioVersion = 10.0.40219.1
Project("{FAE04EC0-301F-11D3-BF4B-00C04F79EFBC}") = "SelfEvalToolv2", "SelfEvalToolv2\SelfEvalToolv2.csproj", "{CBAEA33A-4722-4315-A48E-E34FCD0098DE}"
EndProject
Global
	GlobalSection(TeamFoundationVersionControl) = preSolution
		SccNumberOfProjects = 2
		SccEnterpriseProvider = {4CA58AB2-18FA-4F8D-95D4-32DDF27D184C}
		SccTeamFoundationServer = http://10.4.1.2:8080/tfs/tfs2012
		SccLocalPath0 = .
		SccProjectUniqueName1 = SelfEvalToolv2\\SelfEvalToolv2.csproj
		SccProjectName1 = SelfEvalToolv2
		SccLocalPath1 = SelfEvalToolv2
	EndGlobalSection
	GlobalSection(SolutionConfigurationPlatforms) = preSolution
		Debug|Any CPU = Debug|Any CPU
		Release|Any CPU = Release|Any CPU
	EndGlobalSection
	GlobalSection(ProjectConfigurationPlatforms) = postSolution
		{CBAEA33A-4722-4315-A48E-E34FCD0098DE}.Debug|Any CPU.ActiveCfg = Debug|Any CPU
		{CBAEA33A-4722-4315-A48E-E34FCD0098DE}.Debug|Any CPU.Build.0 = Debug|Any CPU
		{CBAEA33A-4722-4315-A48E-E34FCD0098DE}.Release|Any CPU.ActiveCfg = Release|Any CPU
		{CBAEA33A-4722-4315-A48E-E34FCD0098DE}.Release|Any CPU.Build.0 = Release|Any CPU
	EndGlobalSection
	GlobalSection(SolutionProperties) = preSolution
		HideSolutionNode = FALSE
	EndGlobalSection
EndGlobal
